
Microsoft Visual Studio Solution File, Format Version 12.00
# Visual Studio Version 17
VisualStudioVersion = 17.0.31903.59
MinimumVisualStudioVersion = 10.0.40219.1
Project("{2150E333-8FDC-42A3-9474-1A3956D46DE8}") = "1-Services", "1-Services", "{A0FF30BB-A939-AAEC-B902-EEF8281C1BC6}"
EndProject
Project("{FAE04EC0-301F-11D3-BF4B-00C04F79EFBC}") = "UploadPoc.API", "1-Services\UploadPoc.API\UploadPoc.API.csproj", "{7417A48D-675E-457E-98E1-9023278D466F}"
EndProject
Project("{2150E333-8FDC-42A3-9474-1A3956D46DE8}") = "2-Application", "2-Application", "{2AD92386-79E5-699F-F58F-FD6FA6A6916E}"
EndProject
Project("{FAE04EC0-301F-11D3-BF4B-00C04F79EFBC}") = "UploadPoc.Application", "2-Application\UploadPoc.Application\UploadPoc.Application.csproj", "{6E376B56-ABE1-4615-866C-B0C3044133C5}"
EndProject
Project("{2150E333-8FDC-42A3-9474-1A3956D46DE8}") = "3-Domain", "3-Domain", "{2420C803-290B-F142-B73B-E5BA85E34988}"
EndProject
Project("{FAE04EC0-301F-11D3-BF4B-00C04F79EFBC}") = "UploadPoc.Domain", "3-Domain\UploadPoc.Domain\UploadPoc.Domain.csproj", "{8B774867-CF16-45B7-9DB3-1EE6C6ACA83A}"
EndProject
Project("{2150E333-8FDC-42A3-9474-1A3956D46DE8}") = "4-Infra", "4-Infra", "{C263FC6A-B645-7249-9C52-1318A4A3D2CA}"
EndProject
Project("{FAE04EC0-301F-11D3-BF4B-00C04F79EFBC}") = "UploadPoc.Infra", "4-Infra\UploadPoc.Infra\UploadPoc.Infra.csproj", "{087AC956-236B-49DE-936F-DF908780452C}"
EndProject
Project("{2150E333-8FDC-42A3-9474-1A3956D46DE8}") = "5-Tests", "5-Tests", "{3DE317BB-6F5C-8DC8-3308-7F794E1E843A}"
EndProject
Project("{FAE04EC0-301F-11D3-BF4B-00C04F79EFBC}") = "UploadPoc.UnitTests", "5-Tests\UploadPoc.UnitTests\UploadPoc.UnitTests.csproj", "{7562AD71-172C-47ED-889B-BD7F26C05C30}"
EndProject
Global
	GlobalSection(SolutionConfigurationPlatforms) = preSolution
		Debug|Any CPU = Debug|Any CPU
		Debug|x64 = Debug|x64
		Debug|x86 = Debug|x86
		Release|Any CPU = Release|Any CPU
		Release|x64 = Release|x64
		Release|x86 = Release|x86
	EndGlobalSection
	GlobalSection(ProjectConfigurationPlatforms) = postSolution
		{7417A48D-675E-457E-98E1-9023278D466F}.Debug|Any CPU.ActiveCfg = Debug|Any CPU
		{7417A48D-675E-457E-98E1-9023278D466F}.Debug|Any CPU.Build.0 = Debug|Any CPU
		{7417A48D-675E-457E-98E1-9023278D466F}.Debug|x64.ActiveCfg = Debug|Any CPU
		{7417A48D-675E-457E-98E1-9023278D466F}.Debug|x64.Build.0 = Debug|Any CPU
		{7417A48D-675E-457E-98E1-9023278D466F}.Debug|x86.ActiveCfg = Debug|Any CPU
		{7417A48D-675E-457E-98E1-9023278D466F}.Debug|x86.Build.0 = Debug|Any CPU
		{7417A48D-675E-457E-98E1-9023278D466F}.Release|Any CPU.ActiveCfg = Release|Any CPU
		{7417A48D-675E-457E-98E1-9023278D466F}.Release|Any CPU.Build.0 = Release|Any CPU
		{7417A48D-675E-457E-98E1-9023278D466F}.Release|x64.ActiveCfg = Release|Any CPU
		{7417A48D-675E-457E-98E1-9023278D466F}.Release|x64.Build.0 = Release|Any CPU
		{7417A48D-675E-457E-98E1-9023278D466F}.Release|x86.ActiveCfg = Release|Any CPU
		{7417A48D-675E-457E-98E1-9023278D466F}.Release|x86.Build.0 = Release|Any CPU
		{6E376B56-ABE1-4615-866C-B0C3044133C5}.Debug|Any CPU.ActiveCfg = Debug|Any CPU
		{6E376B56-ABE1-4615-866C-B0C3044133C5}.Debug|Any CPU.Build.0 = Debug|Any CPU
		{6E376B56-ABE1-4615-866C-B0C3044133C5}.Debug|x64.ActiveCfg = Debug|Any CPU
		{6E376B56-ABE1-4615-866C-B0C3044133C5}.Debug|x64.Build.0 = Debug|Any CPU
		{6E376B56-ABE1-4615-866C-B0C3044133C5}.Debug|x86.ActiveCfg = Debug|Any CPU
		{6E376B56-ABE1-4615-866C-B0C3044133C5}.Debug|x86.Build.0 = Debug|Any CPU
		{6E376B56-ABE1-4615-866C-B0C3044133C5}.Release|Any CPU.ActiveCfg = Release|Any CPU
		{6E376B56-ABE1-4615-866C-B0C3044133C5}.Release|Any CPU.Build.0 = Release|Any CPU
		{6E376B56-ABE1-4615-866C-B0C3044133C5}.Release|x64.ActiveCfg = Release|Any CPU
		{6E376B56-ABE1-4615-866C-B0C3044133C5}.Release|x64.Build.0 = Release|Any CPU
		{6E376B56-ABE1-4615-866C-B0C3044133C5}.Release|x86.ActiveCfg = Release|Any CPU
		{6E376B56-ABE1-4615-866C-B0C3044133C5}.Release|x86.Build.0 = Release|Any CPU
		{8B774867-CF16-45B7-9DB3-1EE6C6ACA83A}.Debug|Any CPU.ActiveCfg = Debug|Any CPU
		{8B774867-CF16-45B7-9DB3-1EE6C6ACA83A}.Debug|Any CPU.Build.0 = Debug|Any CPU
		{8B774867-CF16-45B7-9DB3-1EE6C6ACA83A}.Debug|x64.ActiveCfg = Debug|Any CPU
		{8B774867-CF16-45B7-9DB3-1EE6C6ACA83A}.Debug|x64.Build.0 = Debug|Any CPU
		{8B774867-CF16-45B7-9DB3-1EE6C6ACA83A}.Debug|x86.ActiveCfg = Debug|Any CPU
		{8B774867-CF16-45B7-9DB3-1EE6C6ACA83A}.Debug|x86.Build.0 = Debug|Any CPU
		{8B774867-CF16-45B7-9DB3-1EE6C6ACA83A}.Release|Any CPU.ActiveCfg = Release|Any CPU
		{8B774867-CF16-45B7-9DB3-1EE6C6ACA83A}.Release|Any CPU.Build.0 = Release|Any CPU
		{8B774867-CF16-45B7-9DB3-1EE6C6ACA83A}.Release|x64.ActiveCfg = Release|Any CPU
		{8B774867-CF16-45B7-9DB3-1EE6C6ACA83A}.Release|x64.Build.0 = Release|Any CPU
		{8B774867-CF16-45B7-9DB3-1EE6C6ACA83A}.Release|x86.ActiveCfg = Release|Any CPU
		{8B774867-CF16-45B7-9DB3-1EE6C6ACA83A}.Release|x86.Build.0 = Release|Any CPU
		{087AC956-236B-49DE-936F-DF908780452C}.Debug|Any CPU.ActiveCfg = Debug|Any CPU
		{087AC956-236B-49DE-936F-DF908780452C}.Debug|Any CPU.Build.0 = Debug|Any CPU
		{087AC956-236B-49DE-936F-DF908780452C}.Debug|x64.ActiveCfg = Debug|Any CPU
		{087AC956-236B-49DE-936F-DF908780452C}.Debug|x64.Build.0 = Debug|Any CPU
		{087AC956-236B-49DE-936F-DF908780452C}.Debug|x86.ActiveCfg = Debug|Any CPU
		{087AC956-236B-49DE-936F-DF908780452C}.Debug|x86.Build.0 = Debug|Any CPU
		{087AC956-236B-49DE-936F-DF908780452C}.Release|Any CPU.ActiveCfg = Release|Any CPU
		{087AC956-236B-49DE-936F-DF908780452C}.Release|Any CPU.Build.0 = Release|Any CPU
		{087AC956-236B-49DE-936F-DF908780452C}.Release|x64.ActiveCfg = Release|Any CPU
		{087AC956-236B-49DE-936F-DF908780452C}.Release|x64.Build.0 = Release|Any CPU
		{087AC956-236B-49DE-936F-DF908780452C}.Release|x86.ActiveCfg = Release|Any CPU
		{087AC956-236B-49DE-936F-DF908780452C}.Release|x86.Build.0 = Release|Any CPU
		{7562AD71-172C-47ED-889B-BD7F26C05C30}.Debug|Any CPU.ActiveCfg = Debug|Any CPU
		{7562AD71-172C-47ED-889B-BD7F26C05C30}.Debug|Any CPU.Build.0 = Debug|Any CPU
		{7562AD71-172C-47ED-889B-BD7F26C05C30}.Debug|x64.ActiveCfg = Debug|Any CPU
		{7562AD71-172C-47ED-889B-BD7F26C05C30}.Debug|x64.Build.0 = Debug|Any CPU
		{7562AD71-172C-47ED-889B-BD7F26C05C30}.Debug|x86.ActiveCfg = Debug|Any CPU
		{7562AD71-172C-47ED-889B-BD7F26C05C30}.Debug|x86.Build.0 = Debug|Any CPU
		{7562AD71-172C-47ED-889B-BD7F26C05C30}.Release|Any CPU.ActiveCfg = Release|Any CPU
		{7562AD71-172C-47ED-889B-BD7F26C05C30}.Release|Any CPU.Build.0 = Release|Any CPU
		{7562AD71-172C-47ED-889B-BD7F26C05C30}.Release|x64.ActiveCfg = Release|Any CPU
		{7562AD71-172C-47ED-889B-BD7F26C05C30}.Release|x64.Build.0 = Release|Any CPU
		{7562AD71-172C-47ED-889B-BD7F26C05C30}.Release|x86.ActiveCfg = Release|Any CPU
		{7562AD71-172C-47ED-889B-BD7F26C05C30}.Release|x86.Build.0 = Release|Any CPU
	EndGlobalSection
	GlobalSection(SolutionProperties) = preSolution
		HideSolutionNode = FALSE
	EndGlobalSection
	GlobalSection(NestedProjects) = preSolution
		{7417A48D-675E-457E-98E1-9023278D466F} = {A0FF30BB-A939-AAEC-B902-EEF8281C1BC6}
		{6E376B56-ABE1-4615-866C-B0C3044133C5} = {2AD92386-79E5-699F-F58F-FD6FA6A6916E}
		{8B774867-CF16-45B7-9DB3-1EE6C6ACA83A} = {2420C803-290B-F142-B73B-E5BA85E34988}
		{087AC956-236B-49DE-936F-DF908780452C} = {C263FC6A-B645-7249-9C52-1318A4A3D2CA}
		{7562AD71-172C-47ED-889B-BD7F26C05C30} = {3DE317BB-6F5C-8DC8-3308-7F794E1E843A}
	EndGlobalSection
EndGlobal
